
Microsoft Visual Studio Solution File, Format Version 12.00
# Visual Studio Version 16
VisualStudioVersion = 16.0.30517.126
MinimumVisualStudioVersion = 10.0.40219.1
Project("{FAE04EC0-301F-11D3-BF4B-00C04F79EFBC}") = "WcfDemo", "WcfDemo\WcfDemo.csproj", "{8E7A4A06-F2A0-4A69-9B51-A18CE81E54BC}"
EndProject
Project("{FAE04EC0-301F-11D3-BF4B-00C04F79EFBC}") = "WcfDemoWebApp", "WcfDemoWebApp\WcfDemoWebApp.csproj", "{E0BDBFA7-DB3C-432F-926E-66257F3784C7}"
EndProject
Project("{FAE04EC0-301F-11D3-BF4B-00C04F79EFBC}") = "ClassLibrary", "ClassLibrary\ClassLibrary.csproj", "{3ADDDEFC-C4F1-4531-A94C-720A79CEA7B8}"
EndProject
Global
	GlobalSection(SolutionConfigurationPlatforms) = preSolution
		Debug|Any CPU = Debug|Any CPU
		Release|Any CPU = Release|Any CPU
	EndGlobalSection
	GlobalSection(ProjectConfigurationPlatforms) = postSolution
		{8E7A4A06-F2A0-4A69-9B51-A18CE81E54BC}.Debug|Any CPU.ActiveCfg = Debug|Any CPU
		{8E7A4A06-F2A0-4A69-9B51-A18CE81E54BC}.Debug|Any CPU.Build.0 = Debug|Any CPU
		{8E7A4A06-F2A0-4A69-9B51-A18CE81E54BC}.Release|Any CPU.ActiveCfg = Release|Any CPU
		{8E7A4A06-F2A0-4A69-9B51-A18CE81E54BC}.Release|Any CPU.Build.0 = Release|Any CPU
		{E0BDBFA7-DB3C-432F-926E-66257F3784C7}.Debug|Any CPU.ActiveCfg = Debug|Any CPU
		{E0BDBFA7-DB3C-432F-926E-66257F3784C7}.Debug|Any CPU.Build.0 = Debug|Any CPU
		{E0BDBFA7-DB3C-432F-926E-66257F3784C7}.Release|Any CPU.ActiveCfg = Release|Any CPU
		{E0BDBFA7-DB3C-432F-926E-66257F3784C7}.Release|Any CPU.Build.0 = Release|Any CPU
		{3ADDDEFC-C4F1-4531-A94C-720A79CEA7B8}.Debug|Any CPU.ActiveCfg = Debug|Any CPU
		{3ADDDEFC-C4F1-4531-A94C-720A79CEA7B8}.Debug|Any CPU.Build.0 = Debug|Any CPU
		{3ADDDEFC-C4F1-4531-A94C-720A79CEA7B8}.Release|Any CPU.ActiveCfg = Release|Any CPU
		{3ADDDEFC-C4F1-4531-A94C-720A79CEA7B8}.Release|Any CPU.Build.0 = Release|Any CPU
	EndGlobalSection
	GlobalSection(SolutionProperties) = preSolution
		HideSolutionNode = FALSE
	EndGlobalSection
	GlobalSection(ExtensibilityGlobals) = postSolution
		SolutionGuid = {FD2E7AFA-56C2-4707-A794-3F5E0387919F}
	EndGlobalSection
EndGlobal
